// !$*UTF8*$!
{
	archiveVersion = 1;
	classes = {
	};
	objectVersion = 46;
	objects = {

/* Begin PBXBuildFile section */
		211F4B130C9D963F15E1EDC7 /* libPods-BaseProject.a in Frameworks */ = {isa = PBXBuildFile; fileRef = 093AF5C21D3EEC996143A416 /* libPods-BaseProject.a */; };
		4B25BF461F4D59FA00B4A2C4 /* CropImage.m in Sources */ = {isa = PBXBuildFile; fileRef = 4B25BF451F4D59FA00B4A2C4 /* CropImage.m */; };
		4B390E001F05ED5900E84522 /* main.m in Sources */ = {isa = PBXBuildFile; fileRef = 4B390DFF1F05ED5900E84522 /* main.m */; };
		4B390E031F05ED5900E84522 /* AppDelegate.m in Sources */ = {isa = PBXBuildFile; fileRef = 4B390E021F05ED5900E84522 /* AppDelegate.m */; };
		4B390E0B1F05ED5900E84522 /* Assets.xcassets in Resources */ = {isa = PBXBuildFile; fileRef = 4B390E0A1F05ED5900E84522 /* Assets.xcassets */; };
		4B390E0E1F05ED5900E84522 /* LaunchScreen.storyboard in Resources */ = {isa = PBXBuildFile; fileRef = 4B390E0C1F05ED5900E84522 /* LaunchScreen.storyboard */; };
		4B390E1E1F05EE8100E84522 /* UIColor+Extend.m in Sources */ = {isa = PBXBuildFile; fileRef = 4B390E1D1F05EE8100E84522 /* UIColor+Extend.m */; };
		4B390E221F05F1FF00E84522 /* SVProgressHUD+Extend.m in Sources */ = {isa = PBXBuildFile; fileRef = 4B390E211F05F1FF00E84522 /* SVProgressHUD+Extend.m */; };
		4B390E2B1F05F2DD00E84522 /* MD5Tool.m in Sources */ = {isa = PBXBuildFile; fileRef = 4B390E2A1F05F2DD00E84522 /* MD5Tool.m */; };
		4B390E321F05F45500E84522 /* HttpTool.m in Sources */ = {isa = PBXBuildFile; fileRef = 4B390E2D1F05F45500E84522 /* HttpTool.m */; };
		4B390E331F05F45500E84522 /* TMDRequestSerializer.m in Sources */ = {isa = PBXBuildFile; fileRef = 4B390E2F1F05F45500E84522 /* TMDRequestSerializer.m */; };
		4B390E341F05F45500E84522 /* TMDResponseSerializer.m in Sources */ = {isa = PBXBuildFile; fileRef = 4B390E311F05F45500E84522 /* TMDResponseSerializer.m */; };
		4B390E371F05F47000E84522 /* CommonTool.m in Sources */ = {isa = PBXBuildFile; fileRef = 4B390E361F05F47000E84522 /* CommonTool.m */; };
		4B390E3A1F05F59400E84522 /* ClearCacheTool.m in Sources */ = {isa = PBXBuildFile; fileRef = 4B390E391F05F59400E84522 /* ClearCacheTool.m */; };
		4B390E3D1F05F62100E84522 /* Notification.m in Sources */ = {isa = PBXBuildFile; fileRef = 4B390E3C1F05F62100E84522 /* Notification.m */; };
		4B390E431F05F69A00E84522 /* UserDefaults.m in Sources */ = {isa = PBXBuildFile; fileRef = 4B390E421F05F69A00E84522 /* UserDefaults.m */; };
		4B390E461F05F6C100E84522 /* GlobalVariables.m in Sources */ = {isa = PBXBuildFile; fileRef = 4B390E451F05F6C100E84522 /* GlobalVariables.m */; };
		4B390E491F05FB2600E84522 /* LCProgressHUD.m in Sources */ = {isa = PBXBuildFile; fileRef = 4B390E481F05FB2600E84522 /* LCProgressHUD.m */; };
		4B390E4C1F05FB7500E84522 /* TabBarViewController.m in Sources */ = {isa = PBXBuildFile; fileRef = 4B390E4B1F05FB7500E84522 /* TabBarViewController.m */; };
		4B390E4F1F05FBB800E84522 /* BaseViewController.m in Sources */ = {isa = PBXBuildFile; fileRef = 4B390E4E1F05FBB800E84522 /* BaseViewController.m */; };
		4B390E521F05FC7C00E84522 /* FirstViewController.m in Sources */ = {isa = PBXBuildFile; fileRef = 4B390E511F05FC7C00E84522 /* FirstViewController.m */; };
		4B390E551F05FC8800E84522 /* SecondViewController.m in Sources */ = {isa = PBXBuildFile; fileRef = 4B390E541F05FC8800E84522 /* SecondViewController.m */; };
		4B390E581F05FC9200E84522 /* ThirdViewController.m in Sources */ = {isa = PBXBuildFile; fileRef = 4B390E571F05FC9200E84522 /* ThirdViewController.m */; };
		4B390E5D1F05FE3900E84522 /* UIView+Extension.m in Sources */ = {isa = PBXBuildFile; fileRef = 4B390E5A1F05FE3900E84522 /* UIView+Extension.m */; };
		4B390E5E1F05FE3900E84522 /* UIView+Additions.m in Sources */ = {isa = PBXBuildFile; fileRef = 4B390E5C1F05FE3900E84522 /* UIView+Additions.m */; };
		4B479937200318A700DA815A /* UITextView+Extension.m in Sources */ = {isa = PBXBuildFile; fileRef = 4B479936200318A600DA815A /* UITextView+Extension.m */; };
		4B5030161F42DE5A004FA2B0 /* UIImage+Extension.m in Sources */ = {isa = PBXBuildFile; fileRef = 4B5030151F42DE5A004FA2B0 /* UIImage+Extension.m */; };
		4B6210D11F62863F003C7EE7 /* BaseModel.m in Sources */ = {isa = PBXBuildFile; fileRef = 4B6210D01F62863F003C7EE7 /* BaseModel.m */; };
		4B8ACC3C1F2F60690020B0F9 /* NSString+Emoji.m in Sources */ = {isa = PBXBuildFile; fileRef = 4B8ACC3B1F2F60690020B0F9 /* NSString+Emoji.m */; };
		4B8ACC3F1F2F62960020B0F9 /* LCSegmentedControl.m in Sources */ = {isa = PBXBuildFile; fileRef = 4B8ACC3E1F2F62960020B0F9 /* LCSegmentedControl.m */; };
		4BB40F641F3062F90028E404 /* LocationTool.m in Sources */ = {isa = PBXBuildFile; fileRef = 4BB40F631F3062F90028E404 /* LocationTool.m */; };
		4BB40F671F306AC30028E404 /* BaseTableViewController.m in Sources */ = {isa = PBXBuildFile; fileRef = 4BB40F661F306AC30028E404 /* BaseTableViewController.m */; };
		4BB40F6A1F306F250028E404 /* BaseCollectionViewController.m in Sources */ = {isa = PBXBuildFile; fileRef = 4BB40F691F306F250028E404 /* BaseCollectionViewController.m */; };
		4BB40F6D1F3074130028E404 /* BaseScrollViewController.m in Sources */ = {isa = PBXBuildFile; fileRef = 4BB40F6C1F3074130028E404 /* BaseScrollViewController.m */; };
		4BD1BA011FB2D4BB0060281A /* UIControl+NoRepeat.m in Sources */ = {isa = PBXBuildFile; fileRef = 4BD1BA001FB2D4BB0060281A /* UIControl+NoRepeat.m */; };
		4BD1BA0A1FB30FF80060281A /* Reachability.m in Sources */ = {isa = PBXBuildFile; fileRef = 4BD1BA091FB30FF80060281A /* Reachability.m */; };
		4BD1BB021FD7D85D0060281A /* AutorotateViewController.m in Sources */ = {isa = PBXBuildFile; fileRef = 4BD1BB011FD7D85D0060281A /* AutorotateViewController.m */; };
		4BD1BB051FD7DA3E0060281A /* BaseNavigationViewController.m in Sources */ = {isa = PBXBuildFile; fileRef = 4BD1BB041FD7DA3E0060281A /* BaseNavigationViewController.m */; };
		4BD1BB081FD7EF480060281A /* BaseTableWithGroupViewController.m in Sources */ = {isa = PBXBuildFile; fileRef = 4BD1BB071FD7EF480060281A /* BaseTableWithGroupViewController.m */; };
		4BE3956D1F58142100357883 /* XYTransition.m in Sources */ = {isa = PBXBuildFile; fileRef = 4BE3956B1F58142100357883 /* XYTransition.m */; };
		4BF1F60A1F42E795009C1DC4 /* UIViewController+Extension.m in Sources */ = {isa = PBXBuildFile; fileRef = 4BF1F6091F42E795009C1DC4 /* UIViewController+Extension.m */; };
/* End PBXBuildFile section */

/* Begin PBXFileReference section */
		093AF5C21D3EEC996143A416 /* libPods-BaseProject.a */ = {isa = PBXFileReference; explicitFileType = archive.ar; includeInIndex = 0; path = "libPods-BaseProject.a"; sourceTree = BUILT_PRODUCTS_DIR; };
		4B25BF441F4D59FA00B4A2C4 /* CropImage.h */ = {isa = PBXFileReference; fileEncoding = 4; lastKnownFileType = sourcecode.c.h; path = CropImage.h; sourceTree = "<group>"; };
		4B25BF451F4D59FA00B4A2C4 /* CropImage.m */ = {isa = PBXFileReference; fileEncoding = 4; lastKnownFileType = sourcecode.c.objc; path = CropImage.m; sourceTree = "<group>"; };
		4B390DFB1F05ED5900E84522 /* BaseProject.app */ = {isa = PBXFileReference; explicitFileType = wrapper.application; includeInIndex = 0; path = BaseProject.app; sourceTree = BUILT_PRODUCTS_DIR; };
		4B390DFF1F05ED5900E84522 /* main.m */ = {isa = PBXFileReference; lastKnownFileType = sourcecode.c.objc; path = main.m; sourceTree = "<group>"; };
		4B390E011F05ED5900E84522 /* AppDelegate.h */ = {isa = PBXFileReference; lastKnownFileType = sourcecode.c.h; path = AppDelegate.h; sourceTree = "<group>"; };
		4B390E021F05ED5900E84522 /* AppDelegate.m */ = {isa = PBXFileReference; lastKnownFileType = sourcecode.c.objc; path = AppDelegate.m; sourceTree = "<group>"; };
		4B390E0A1F05ED5900E84522 /* Assets.xcassets */ = {isa = PBXFileReference; lastKnownFileType = folder.assetcatalog; path = Assets.xcassets; sourceTree = "<group>"; };
		4B390E0D1F05ED5900E84522 /* Base */ = {isa = PBXFileReference; lastKnownFileType = file.storyboard; name = Base; path = Base.lproj/LaunchScreen.storyboard; sourceTree = "<group>"; };
		4B390E0F1F05ED5900E84522 /* Info.plist */ = {isa = PBXFileReference; lastKnownFileType = text.plist.xml; path = Info.plist; sourceTree = "<group>"; };
		4B390E1C1F05EE8100E84522 /* UIColor+Extend.h */ = {isa = PBXFileReference; fileEncoding = 4; lastKnownFileType = sourcecode.c.h; path = "UIColor+Extend.h"; sourceTree = "<group>"; };
		4B390E1D1F05EE8100E84522 /* UIColor+Extend.m */ = {isa = PBXFileReference; fileEncoding = 4; lastKnownFileType = sourcecode.c.objc; path = "UIColor+Extend.m"; sourceTree = "<group>"; };
		4B390E1F1F05F1B100E84522 /* PrefixHeader.pch */ = {isa = PBXFileReference; fileEncoding = 4; lastKnownFileType = sourcecode.c.h; path = PrefixHeader.pch; sourceTree = "<group>"; };
		4B390E201F05F1FF00E84522 /* SVProgressHUD+Extend.h */ = {isa = PBXFileReference; fileEncoding = 4; lastKnownFileType = sourcecode.c.h; path = "SVProgressHUD+Extend.h"; sourceTree = "<group>"; };
		4B390E211F05F1FF00E84522 /* SVProgressHUD+Extend.m */ = {isa = PBXFileReference; fileEncoding = 4; lastKnownFileType = sourcecode.c.objc; path = "SVProgressHUD+Extend.m"; sourceTree = "<group>"; };
		4B390E291F05F2DD00E84522 /* MD5Tool.h */ = {isa = PBXFileReference; fileEncoding = 4; lastKnownFileType = sourcecode.c.h; path = MD5Tool.h; sourceTree = "<group>"; };
		4B390E2A1F05F2DD00E84522 /* MD5Tool.m */ = {isa = PBXFileReference; fileEncoding = 4; lastKnownFileType = sourcecode.c.objc; path = MD5Tool.m; sourceTree = "<group>"; };
		4B390E2C1F05F45500E84522 /* HttpTool.h */ = {isa = PBXFileReference; fileEncoding = 4; lastKnownFileType = sourcecode.c.h; path = HttpTool.h; sourceTree = "<group>"; };
		4B390E2D1F05F45500E84522 /* HttpTool.m */ = {isa = PBXFileReference; fileEncoding = 4; lastKnownFileType = sourcecode.c.objc; path = HttpTool.m; sourceTree = "<group>"; };
		4B390E2E1F05F45500E84522 /* TMDRequestSerializer.h */ = {isa = PBXFileReference; fileEncoding = 4; lastKnownFileType = sourcecode.c.h; path = TMDRequestSerializer.h; sourceTree = "<group>"; };
		4B390E2F1F05F45500E84522 /* TMDRequestSerializer.m */ = {isa = PBXFileReference; fileEncoding = 4; lastKnownFileType = sourcecode.c.objc; path = TMDRequestSerializer.m; sourceTree = "<group>"; };
		4B390E301F05F45500E84522 /* TMDResponseSerializer.h */ = {isa = PBXFileReference; fileEncoding = 4; lastKnownFileType = sourcecode.c.h; path = TMDResponseSerializer.h; sourceTree = "<group>"; };
		4B390E311F05F45500E84522 /* TMDResponseSerializer.m */ = {isa = PBXFileReference; fileEncoding = 4; lastKnownFileType = sourcecode.c.objc; path = TMDResponseSerializer.m; sourceTree = "<group>"; };
		4B390E351F05F47000E84522 /* CommonTool.h */ = {isa = PBXFileReference; fileEncoding = 4; lastKnownFileType = sourcecode.c.h; path = CommonTool.h; sourceTree = "<group>"; };
		4B390E361F05F47000E84522 /* CommonTool.m */ = {isa = PBXFileReference; fileEncoding = 4; lastKnownFileType = sourcecode.c.objc; path = CommonTool.m; sourceTree = "<group>"; };
		4B390E381F05F59400E84522 /* ClearCacheTool.h */ = {isa = PBXFileReference; fileEncoding = 4; lastKnownFileType = sourcecode.c.h; path = ClearCacheTool.h; sourceTree = "<group>"; };
		4B390E391F05F59400E84522 /* ClearCacheTool.m */ = {isa = PBXFileReference; fileEncoding = 4; lastKnownFileType = sourcecode.c.objc; path = ClearCacheTool.m; sourceTree = "<group>"; };
		4B390E3B1F05F62100E84522 /* Notification.h */ = {isa = PBXFileReference; fileEncoding = 4; lastKnownFileType = sourcecode.c.h; path = Notification.h; sourceTree = "<group>"; };
		4B390E3C1F05F62100E84522 /* Notification.m */ = {isa = PBXFileReference; fileEncoding = 4; lastKnownFileType = sourcecode.c.objc; path = Notification.m; sourceTree = "<group>"; };
		4B390E411F05F69A00E84522 /* UserDefaults.h */ = {isa = PBXFileReference; fileEncoding = 4; lastKnownFileType = sourcecode.c.h; path = UserDefaults.h; sourceTree = "<group>"; };
		4B390E421F05F69A00E84522 /* UserDefaults.m */ = {isa = PBXFileReference; fileEncoding = 4; lastKnownFileType = sourcecode.c.objc; path = UserDefaults.m; sourceTree = "<group>"; };
		4B390E441F05F6C100E84522 /* GlobalVariables.h */ = {isa = PBXFileReference; fileEncoding = 4; lastKnownFileType = sourcecode.c.h; path = GlobalVariables.h; sourceTree = "<group>"; };
		4B390E451F05F6C100E84522 /* GlobalVariables.m */ = {isa = PBXFileReference; fileEncoding = 4; lastKnownFileType = sourcecode.c.objc; path = GlobalVariables.m; sourceTree = "<group>"; };
		4B390E471F05FB2600E84522 /* LCProgressHUD.h */ = {isa = PBXFileReference; fileEncoding = 4; lastKnownFileType = sourcecode.c.h; path = LCProgressHUD.h; sourceTree = "<group>"; };
		4B390E481F05FB2600E84522 /* LCProgressHUD.m */ = {isa = PBXFileReference; fileEncoding = 4; lastKnownFileType = sourcecode.c.objc; path = LCProgressHUD.m; sourceTree = "<group>"; };
		4B390E4A1F05FB7500E84522 /* TabBarViewController.h */ = {isa = PBXFileReference; fileEncoding = 4; lastKnownFileType = sourcecode.c.h; path = TabBarViewController.h; sourceTree = "<group>"; };
		4B390E4B1F05FB7500E84522 /* TabBarViewController.m */ = {isa = PBXFileReference; fileEncoding = 4; lastKnownFileType = sourcecode.c.objc; path = TabBarViewController.m; sourceTree = "<group>"; };
		4B390E4D1F05FBB800E84522 /* BaseViewController.h */ = {isa = PBXFileReference; fileEncoding = 4; lastKnownFileType = sourcecode.c.h; path = BaseViewController.h; sourceTree = "<group>"; };
		4B390E4E1F05FBB800E84522 /* BaseViewController.m */ = {isa = PBXFileReference; fileEncoding = 4; lastKnownFileType = sourcecode.c.objc; path = BaseViewController.m; sourceTree = "<group>"; };
		4B390E501F05FC7C00E84522 /* FirstViewController.h */ = {isa = PBXFileReference; fileEncoding = 4; lastKnownFileType = sourcecode.c.h; path = FirstViewController.h; sourceTree = "<group>"; };
		4B390E511F05FC7C00E84522 /* FirstViewController.m */ = {isa = PBXFileReference; fileEncoding = 4; lastKnownFileType = sourcecode.c.objc; path = FirstViewController.m; sourceTree = "<group>"; };
		4B390E531F05FC8800E84522 /* SecondViewController.h */ = {isa = PBXFileReference; fileEncoding = 4; lastKnownFileType = sourcecode.c.h; path = SecondViewController.h; sourceTree = "<group>"; };
		4B390E541F05FC8800E84522 /* SecondViewController.m */ = {isa = PBXFileReference; fileEncoding = 4; lastKnownFileType = sourcecode.c.objc; path = SecondViewController.m; sourceTree = "<group>"; };
		4B390E561F05FC9200E84522 /* ThirdViewController.h */ = {isa = PBXFileReference; fileEncoding = 4; lastKnownFileType = sourcecode.c.h; path = ThirdViewController.h; sourceTree = "<group>"; };
		4B390E571F05FC9200E84522 /* ThirdViewController.m */ = {isa = PBXFileReference; fileEncoding = 4; lastKnownFileType = sourcecode.c.objc; path = ThirdViewController.m; sourceTree = "<group>"; };
		4B390E591F05FE3900E84522 /* UIView+Extension.h */ = {isa = PBXFileReference; fileEncoding = 4; lastKnownFileType = sourcecode.c.h; path = "UIView+Extension.h"; sourceTree = "<group>"; };
		4B390E5A1F05FE3900E84522 /* UIView+Extension.m */ = {isa = PBXFileReference; fileEncoding = 4; lastKnownFileType = sourcecode.c.objc; path = "UIView+Extension.m"; sourceTree = "<group>"; };
		4B390E5B1F05FE3900E84522 /* UIView+Additions.h */ = {isa = PBXFileReference; fileEncoding = 4; lastKnownFileType = sourcecode.c.h; path = "UIView+Additions.h"; sourceTree = "<group>"; };
		4B390E5C1F05FE3900E84522 /* UIView+Additions.m */ = {isa = PBXFileReference; fileEncoding = 4; lastKnownFileType = sourcecode.c.objc; path = "UIView+Additions.m"; sourceTree = "<group>"; };
		4B479935200318A600DA815A /* UITextView+Extension.h */ = {isa = PBXFileReference; fileEncoding = 4; lastKnownFileType = sourcecode.c.h; path = "UITextView+Extension.h"; sourceTree = "<group>"; };
		4B479936200318A600DA815A /* UITextView+Extension.m */ = {isa = PBXFileReference; fileEncoding = 4; lastKnownFileType = sourcecode.c.objc; path = "UITextView+Extension.m"; sourceTree = "<group>"; };
		4B5030141F42DE5A004FA2B0 /* UIImage+Extension.h */ = {isa = PBXFileReference; fileEncoding = 4; lastKnownFileType = sourcecode.c.h; path = "UIImage+Extension.h"; sourceTree = "<group>"; };
		4B5030151F42DE5A004FA2B0 /* UIImage+Extension.m */ = {isa = PBXFileReference; fileEncoding = 4; lastKnownFileType = sourcecode.c.objc; path = "UIImage+Extension.m"; sourceTree = "<group>"; };
		4B6210CF1F62863F003C7EE7 /* BaseModel.h */ = {isa = PBXFileReference; fileEncoding = 4; lastKnownFileType = sourcecode.c.h; path = BaseModel.h; sourceTree = "<group>"; };
		4B6210D01F62863F003C7EE7 /* BaseModel.m */ = {isa = PBXFileReference; fileEncoding = 4; lastKnownFileType = sourcecode.c.objc; path = BaseModel.m; sourceTree = "<group>"; };
		4B8ACC3A1F2F60690020B0F9 /* NSString+Emoji.h */ = {isa = PBXFileReference; fileEncoding = 4; lastKnownFileType = sourcecode.c.h; path = "NSString+Emoji.h"; sourceTree = "<group>"; };
		4B8ACC3B1F2F60690020B0F9 /* NSString+Emoji.m */ = {isa = PBXFileReference; fileEncoding = 4; lastKnownFileType = sourcecode.c.objc; path = "NSString+Emoji.m"; sourceTree = "<group>"; };
		4B8ACC3D1F2F62960020B0F9 /* LCSegmentedControl.h */ = {isa = PBXFileReference; fileEncoding = 4; lastKnownFileType = sourcecode.c.h; path = LCSegmentedControl.h; sourceTree = "<group>"; };
		4B8ACC3E1F2F62960020B0F9 /* LCSegmentedControl.m */ = {isa = PBXFileReference; fileEncoding = 4; lastKnownFileType = sourcecode.c.objc; path = LCSegmentedControl.m; sourceTree = "<group>"; };
		4BB40F621F3062F90028E404 /* LocationTool.h */ = {isa = PBXFileReference; fileEncoding = 4; lastKnownFileType = sourcecode.c.h; path = LocationTool.h; sourceTree = "<group>"; };
		4BB40F631F3062F90028E404 /* LocationTool.m */ = {isa = PBXFileReference; fileEncoding = 4; lastKnownFileType = sourcecode.c.objc; path = LocationTool.m; sourceTree = "<group>"; };
		4BB40F651F306AC30028E404 /* BaseTableViewController.h */ = {isa = PBXFileReference; fileEncoding = 4; lastKnownFileType = sourcecode.c.h; path = BaseTableViewController.h; sourceTree = "<group>"; };
		4BB40F661F306AC30028E404 /* BaseTableViewController.m */ = {isa = PBXFileReference; fileEncoding = 4; lastKnownFileType = sourcecode.c.objc; path = BaseTableViewController.m; sourceTree = "<group>"; };
		4BB40F681F306F250028E404 /* BaseCollectionViewController.h */ = {isa = PBXFileReference; fileEncoding = 4; lastKnownFileType = sourcecode.c.h; path = BaseCollectionViewController.h; sourceTree = "<group>"; };
		4BB40F691F306F250028E404 /* BaseCollectionViewController.m */ = {isa = PBXFileReference; fileEncoding = 4; lastKnownFileType = sourcecode.c.objc; path = BaseCollectionViewController.m; sourceTree = "<group>"; };
		4BB40F6B1F3074130028E404 /* BaseScrollViewController.h */ = {isa = PBXFileReference; fileEncoding = 4; lastKnownFileType = sourcecode.c.h; path = BaseScrollViewController.h; sourceTree = "<group>"; };
		4BB40F6C1F3074130028E404 /* BaseScrollViewController.m */ = {isa = PBXFileReference; fileEncoding = 4; lastKnownFileType = sourcecode.c.objc; path = BaseScrollViewController.m; sourceTree = "<group>"; };
		4BD1B9FF1FB2D4BA0060281A /* UIControl+NoRepeat.h */ = {isa = PBXFileReference; fileEncoding = 4; lastKnownFileType = sourcecode.c.h; path = "UIControl+NoRepeat.h"; sourceTree = "<group>"; };
		4BD1BA001FB2D4BB0060281A /* UIControl+NoRepeat.m */ = {isa = PBXFileReference; fileEncoding = 4; lastKnownFileType = sourcecode.c.objc; path = "UIControl+NoRepeat.m"; sourceTree = "<group>"; };
		4BD1BA081FB30FF80060281A /* Reachability.h */ = {isa = PBXFileReference; fileEncoding = 4; lastKnownFileType = sourcecode.c.h; path = Reachability.h; sourceTree = "<group>"; };
		4BD1BA091FB30FF80060281A /* Reachability.m */ = {isa = PBXFileReference; fileEncoding = 4; lastKnownFileType = sourcecode.c.objc; path = Reachability.m; sourceTree = "<group>"; };
		4BD1BB001FD7D85D0060281A /* AutorotateViewController.h */ = {isa = PBXFileReference; lastKnownFileType = sourcecode.c.h; path = AutorotateViewController.h; sourceTree = "<group>"; };
		4BD1BB011FD7D85D0060281A /* AutorotateViewController.m */ = {isa = PBXFileReference; lastKnownFileType = sourcecode.c.objc; path = AutorotateViewController.m; sourceTree = "<group>"; };
		4BD1BB031FD7DA3E0060281A /* BaseNavigationViewController.h */ = {isa = PBXFileReference; lastKnownFileType = sourcecode.c.h; path = BaseNavigationViewController.h; sourceTree = "<group>"; };
		4BD1BB041FD7DA3E0060281A /* BaseNavigationViewController.m */ = {isa = PBXFileReference; lastKnownFileType = sourcecode.c.objc; path = BaseNavigationViewController.m; sourceTree = "<group>"; };
		4BD1BB061FD7EF480060281A /* BaseTableWithGroupViewController.h */ = {isa = PBXFileReference; lastKnownFileType = sourcecode.c.h; path = BaseTableWithGroupViewController.h; sourceTree = "<group>"; };
		4BD1BB071FD7EF480060281A /* BaseTableWithGroupViewController.m */ = {isa = PBXFileReference; lastKnownFileType = sourcecode.c.objc; path = BaseTableWithGroupViewController.m; sourceTree = "<group>"; };
		4BE3956A1F58142100357883 /* XYTransition.h */ = {isa = PBXFileReference; fileEncoding = 4; lastKnownFileType = sourcecode.c.h; path = XYTransition.h; sourceTree = "<group>"; };
		4BE3956B1F58142100357883 /* XYTransition.m */ = {isa = PBXFileReference; fileEncoding = 4; lastKnownFileType = sourcecode.c.objc; path = XYTransition.m; sourceTree = "<group>"; };
		4BE3956C1F58142100357883 /* XYTransitionProtocol.h */ = {isa = PBXFileReference; fileEncoding = 4; lastKnownFileType = sourcecode.c.h; path = XYTransitionProtocol.h; sourceTree = "<group>"; };
		4BF1F6081F42E795009C1DC4 /* UIViewController+Extension.h */ = {isa = PBXFileReference; fileEncoding = 4; lastKnownFileType = sourcecode.c.h; path = "UIViewController+Extension.h"; sourceTree = "<group>"; };
		4BF1F6091F42E795009C1DC4 /* UIViewController+Extension.m */ = {isa = PBXFileReference; fileEncoding = 4; lastKnownFileType = sourcecode.c.objc; path = "UIViewController+Extension.m"; sourceTree = "<group>"; };
		5C13090DFCE1BF20BDF89CD7 /* Pods-BaseProject.release.xcconfig */ = {isa = PBXFileReference; includeInIndex = 1; lastKnownFileType = text.xcconfig; name = "Pods-BaseProject.release.xcconfig"; path = "Pods/Target Support Files/Pods-BaseProject/Pods-BaseProject.release.xcconfig"; sourceTree = "<group>"; };
		A9F0DB2D046F17D6D6525298 /* Pods-BaseProject.debug.xcconfig */ = {isa = PBXFileReference; includeInIndex = 1; lastKnownFileType = text.xcconfig; name = "Pods-BaseProject.debug.xcconfig"; path = "Pods/Target Support Files/Pods-BaseProject/Pods-BaseProject.debug.xcconfig"; sourceTree = "<group>"; };
/* End PBXFileReference section */

/* Begin PBXFrameworksBuildPhase section */
		4B390DF81F05ED5900E84522 /* Frameworks */ = {
			isa = PBXFrameworksBuildPhase;
			buildActionMask = 2147483647;
			files = (
				211F4B130C9D963F15E1EDC7 /* libPods-BaseProject.a in Frameworks */,
			);
			runOnlyForDeploymentPostprocessing = 0;
		};
/* End PBXFrameworksBuildPhase section */

/* Begin PBXGroup section */
		2DBAACC3956808736A35477F /* Frameworks */ = {
			isa = PBXGroup;
			children = (
				093AF5C21D3EEC996143A416 /* libPods-BaseProject.a */,
			);
			name = Frameworks;
			sourceTree = "<group>";
		};
		323144ADDA9655872BBE9113 /* Pods */ = {
			isa = PBXGroup;
			children = (
				A9F0DB2D046F17D6D6525298 /* Pods-BaseProject.debug.xcconfig */,
				5C13090DFCE1BF20BDF89CD7 /* Pods-BaseProject.release.xcconfig */,
			);
			name = Pods;
			sourceTree = "<group>";
		};
		4B390DF21F05ED5900E84522 = {
			isa = PBXGroup;
			children = (
				4B390DFD1F05ED5900E84522 /* BaseProject */,
				4B390DFC1F05ED5900E84522 /* Products */,
				323144ADDA9655872BBE9113 /* Pods */,
				2DBAACC3956808736A35477F /* Frameworks */,
			);
			sourceTree = "<group>";
		};
		4B390DFC1F05ED5900E84522 /* Products */ = {
			isa = PBXGroup;
			children = (
				4B390DFB1F05ED5900E84522 /* BaseProject.app */,
			);
			name = Products;
			sourceTree = "<group>";
		};
		4B390DFD1F05ED5900E84522 /* BaseProject */ = {
			isa = PBXGroup;
			children = (
				4B47993820031C5400DA815A /* AppDelegate */,
				4BE3953B1F50241F00357883 /* Third */,
				4B390E151F05EDB500E84522 /* Base */,
				4B390E161F05EDB500E84522 /* Category */,
				4B390E171F05EDB500E84522 /* NetWork */,
				4B390E181F05EDB500E84522 /* Tools */,
				4B390E1B1F05EE4C00E84522 /* Common */,
				4BE395681F580E8A00357883 /* Define */,
				4B390E191F05EDB500E84522 /* ViewControllers */,
				4B390E1A1F05EDCB00E84522 /* Tabbar */,
				4B390DFE1F05ED5900E84522 /* Supporting Files */,
			);
			path = BaseProject;
			sourceTree = "<group>";
		};
		4B390DFE1F05ED5900E84522 /* Supporting Files */ = {
			isa = PBXGroup;
			children = (
				4B390E0A1F05ED5900E84522 /* Assets.xcassets */,
				4B390E0C1F05ED5900E84522 /* LaunchScreen.storyboard */,
				4B390E0F1F05ED5900E84522 /* Info.plist */,
				4B390E1F1F05F1B100E84522 /* PrefixHeader.pch */,
				4B390DFF1F05ED5900E84522 /* main.m */,
			);
			name = "Supporting Files";
			sourceTree = "<group>";
		};
		4B390E151F05EDB500E84522 /* Base */ = {
			isa = PBXGroup;
			children = (
				4B390E4D1F05FBB800E84522 /* BaseViewController.h */,
				4B390E4E1F05FBB800E84522 /* BaseViewController.m */,
				4BD1BB031FD7DA3E0060281A /* BaseNavigationViewController.h */,
				4BD1BB041FD7DA3E0060281A /* BaseNavigationViewController.m */,
				4BB40F651F306AC30028E404 /* BaseTableViewController.h */,
				4BB40F661F306AC30028E404 /* BaseTableViewController.m */,
				4BD1BB061FD7EF480060281A /* BaseTableWithGroupViewController.h */,
				4BD1BB071FD7EF480060281A /* BaseTableWithGroupViewController.m */,
				4BB40F681F306F250028E404 /* BaseCollectionViewController.h */,
				4BB40F691F306F250028E404 /* BaseCollectionViewController.m */,
				4BB40F6B1F3074130028E404 /* BaseScrollViewController.h */,
				4BB40F6C1F3074130028E404 /* BaseScrollViewController.m */,
				4B6210CF1F62863F003C7EE7 /* BaseModel.h */,
				4B6210D01F62863F003C7EE7 /* BaseModel.m */,
			);
			path = Base;
			sourceTree = "<group>";
		};
		4B390E161F05EDB500E84522 /* Category */ = {
			isa = PBXGroup;
			children = (
				4B479935200318A600DA815A /* UITextView+Extension.h */,
				4B479936200318A600DA815A /* UITextView+Extension.m */,
				4B8ACC3A1F2F60690020B0F9 /* NSString+Emoji.h */,
				4B8ACC3B1F2F60690020B0F9 /* NSString+Emoji.m */,
				4B390E591F05FE3900E84522 /* UIView+Extension.h */,
				4B390E5A1F05FE3900E84522 /* UIView+Extension.m */,
				4B390E5B1F05FE3900E84522 /* UIView+Additions.h */,
				4B390E5C1F05FE3900E84522 /* UIView+Additions.m */,
				4B390E471F05FB2600E84522 /* LCProgressHUD.h */,
				4B390E481F05FB2600E84522 /* LCProgressHUD.m */,
				4B390E201F05F1FF00E84522 /* SVProgressHUD+Extend.h */,
				4B390E211F05F1FF00E84522 /* SVProgressHUD+Extend.m */,
				4B390E1C1F05EE8100E84522 /* UIColor+Extend.h */,
				4B390E1D1F05EE8100E84522 /* UIColor+Extend.m */,
				4B5030141F42DE5A004FA2B0 /* UIImage+Extension.h */,
				4B5030151F42DE5A004FA2B0 /* UIImage+Extension.m */,
				4BF1F6081F42E795009C1DC4 /* UIViewController+Extension.h */,
				4BF1F6091F42E795009C1DC4 /* UIViewController+Extension.m */,
				4BD1B9FF1FB2D4BA0060281A /* UIControl+NoRepeat.h */,
				4BD1BA001FB2D4BB0060281A /* UIControl+NoRepeat.m */,
			);
			path = Category;
			sourceTree = "<group>";
		};
		4B390E171F05EDB500E84522 /* NetWork */ = {
			isa = PBXGroup;
			children = (
				4BD1BA081FB30FF80060281A /* Reachability.h */,
				4BD1BA091FB30FF80060281A /* Reachability.m */,
				4B390E2C1F05F45500E84522 /* HttpTool.h */,
				4B390E2D1F05F45500E84522 /* HttpTool.m */,
				4B390E2E1F05F45500E84522 /* TMDRequestSerializer.h */,
				4B390E2F1F05F45500E84522 /* TMDRequestSerializer.m */,
				4B390E301F05F45500E84522 /* TMDResponseSerializer.h */,
				4B390E311F05F45500E84522 /* TMDResponseSerializer.m */,
			);
			path = NetWork;
			sourceTree = "<group>";
		};
		4B390E181F05EDB500E84522 /* Tools */ = {
			isa = PBXGroup;
			children = (
				4B390E381F05F59400E84522 /* ClearCacheTool.h */,
				4B390E391F05F59400E84522 /* ClearCacheTool.m */,
				4B390E351F05F47000E84522 /* CommonTool.h */,
				4B390E361F05F47000E84522 /* CommonTool.m */,
				4B390E291F05F2DD00E84522 /* MD5Tool.h */,
				4B390E2A1F05F2DD00E84522 /* MD5Tool.m */,
				4BB40F621F3062F90028E404 /* LocationTool.h */,
				4BB40F631F3062F90028E404 /* LocationTool.m */,
				4B25BF441F4D59FA00B4A2C4 /* CropImage.h */,
				4B25BF451F4D59FA00B4A2C4 /* CropImage.m */,
			);
			path = Tools;
			sourceTree = "<group>";
		};
		4B390E191F05EDB500E84522 /* ViewControllers */ = {
			isa = PBXGroup;
			children = (
				4B390E501F05FC7C00E84522 /* FirstViewController.h */,
				4B390E511F05FC7C00E84522 /* FirstViewController.m */,
				4B390E531F05FC8800E84522 /* SecondViewController.h */,
				4B390E541F05FC8800E84522 /* SecondViewController.m */,
				4B390E561F05FC9200E84522 /* ThirdViewController.h */,
				4B390E571F05FC9200E84522 /* ThirdViewController.m */,
				4BD1BB001FD7D85D0060281A /* AutorotateViewController.h */,
				4BD1BB011FD7D85D0060281A /* AutorotateViewController.m */,
			);
			path = ViewControllers;
			sourceTree = "<group>";
		};
		4B390E1A1F05EDCB00E84522 /* Tabbar */ = {
			isa = PBXGroup;
			children = (
				4B390E4A1F05FB7500E84522 /* TabBarViewController.h */,
				4B390E4B1F05FB7500E84522 /* TabBarViewController.m */,
			);
			path = Tabbar;
			sourceTree = "<group>";
		};
		4B390E1B1F05EE4C00E84522 /* Common */ = {
			isa = PBXGroup;
			children = (
				4B8ACC3D1F2F62960020B0F9 /* LCSegmentedControl.h */,
				4B8ACC3E1F2F62960020B0F9 /* LCSegmentedControl.m */,
				4B390E411F05F69A00E84522 /* UserDefaults.h */,
				4B390E421F05F69A00E84522 /* UserDefaults.m */,
				4B390E3B1F05F62100E84522 /* Notification.h */,
				4B390E3C1F05F62100E84522 /* Notification.m */,
				4B390E441F05F6C100E84522 /* GlobalVariables.h */,
				4B390E451F05F6C100E84522 /* GlobalVariables.m */,
			);
			path = Common;
			sourceTree = "<group>";
		};
		4B47993820031C5400DA815A /* AppDelegate */ = {
			isa = PBXGroup;
			children = (
				4B390E011F05ED5900E84522 /* AppDelegate.h */,
				4B390E021F05ED5900E84522 /* AppDelegate.m */,
			);
			path = AppDelegate;
			sourceTree = "<group>";
		};
		4BE3953B1F50241F00357883 /* Third */ = {
			isa = PBXGroup;
			children = (
				4BE395691F58142100357883 /* XYTransition */,
			);
			path = Third;
			sourceTree = "<group>";
		};
		4BE395681F580E8A00357883 /* Define */ = {
			isa = PBXGroup;
			children = (
			);
			path = Define;
			sourceTree = "<group>";
		};
		4BE395691F58142100357883 /* XYTransition */ = {
			isa = PBXGroup;
			children = (
				4BE3956A1F58142100357883 /* XYTransition.h */,
				4BE3956B1F58142100357883 /* XYTransition.m */,
				4BE3956C1F58142100357883 /* XYTransitionProtocol.h */,
			);
			path = XYTransition;
			sourceTree = "<group>";
		};
/* End PBXGroup section */

/* Begin PBXNativeTarget section */
		4B390DFA1F05ED5900E84522 /* BaseProject */ = {
			isa = PBXNativeTarget;
			buildConfigurationList = 4B390E121F05ED5900E84522 /* Build configuration list for PBXNativeTarget "BaseProject" */;
			buildPhases = (
				1996C5EFD4A12FDF1B456A6B /* [CP] Check Pods Manifest.lock */,
				4B390DF71F05ED5900E84522 /* Sources */,
				4B390DF81F05ED5900E84522 /* Frameworks */,
				4B390DF91F05ED5900E84522 /* Resources */,
				9FBE32B0B4DA7035BF8A800B /* [CP] Embed Pods Frameworks */,
				7EAF5E9B93E7E2B7A5D2372C /* [CP] Copy Pods Resources */,
			);
			buildRules = (
			);
			dependencies = (
			);
			name = BaseProject;
			productName = BaseProject;
			productReference = 4B390DFB1F05ED5900E84522 /* BaseProject.app */;
			productType = "com.apple.product-type.application";
		};
/* End PBXNativeTarget section */

/* Begin PBXProject section */
		4B390DF31F05ED5900E84522 /* Project object */ = {
			isa = PBXProject;
			attributes = {
				LastUpgradeCheck = 0830;
				ORGANIZATIONNAME = lengchao;
				TargetAttributes = {
					4B390DFA1F05ED5900E84522 = {
						CreatedOnToolsVersion = 8.3.2;
						DevelopmentTeam = FBCB5X99HB;
						ProvisioningStyle = Automatic;
					};
				};
			};
			buildConfigurationList = 4B390DF61F05ED5900E84522 /* Build configuration list for PBXProject "BaseProject" */;
			compatibilityVersion = "Xcode 3.2";
			developmentRegion = English;
			hasScannedForEncodings = 0;
			knownRegions = (
				en,
				Base,
			);
			mainGroup = 4B390DF21F05ED5900E84522;
			productRefGroup = 4B390DFC1F05ED5900E84522 /* Products */;
			projectDirPath = "";
			projectRoot = "";
			targets = (
				4B390DFA1F05ED5900E84522 /* BaseProject */,
			);
		};
/* End PBXProject section */

/* Begin PBXResourcesBuildPhase section */
		4B390DF91F05ED5900E84522 /* Resources */ = {
			isa = PBXResourcesBuildPhase;
			buildActionMask = 2147483647;
			files = (
				4B390E0E1F05ED5900E84522 /* LaunchScreen.storyboard in Resources */,
				4B390E0B1F05ED5900E84522 /* Assets.xcassets in Resources */,
			);
			runOnlyForDeploymentPostprocessing = 0;
		};
/* End PBXResourcesBuildPhase section */

/* Begin PBXShellScriptBuildPhase section */
		1996C5EFD4A12FDF1B456A6B /* [CP] Check Pods Manifest.lock */ = {
			isa = PBXShellScriptBuildPhase;
			buildActionMask = 2147483647;
			files = (
			);
			inputPaths = (
				"${PODS_PODFILE_DIR_PATH}/Podfile.lock",
				"${PODS_ROOT}/Manifest.lock",
			);
			name = "[CP] Check Pods Manifest.lock";
			outputPaths = (
				"$(DERIVED_FILE_DIR)/Pods-BaseProject-checkManifestLockResult.txt",
			);
			runOnlyForDeploymentPostprocessing = 0;
			shellPath = /bin/sh;
			shellScript = "diff \"${PODS_PODFILE_DIR_PATH}/Podfile.lock\" \"${PODS_ROOT}/Manifest.lock\" > /dev/null\nif [ $? != 0 ] ; then\n    # print error to STDERR\n    echo \"error: The sandbox is not in sync with the Podfile.lock. Run 'pod install' or update your CocoaPods installation.\" >&2\n    exit 1\nfi\n# This output is used by Xcode 'outputs' to avoid re-running this script phase.\necho \"SUCCESS\" > \"${SCRIPT_OUTPUT_FILE_0}\"\n";
			showEnvVarsInLog = 0;
		};
		7EAF5E9B93E7E2B7A5D2372C /* [CP] Copy Pods Resources */ = {
			isa = PBXShellScriptBuildPhase;
			buildActionMask = 2147483647;
			files = (
			);
			inputPaths = (
				"${SRCROOT}/Pods/Target Support Files/Pods-BaseProject/Pods-BaseProject-resources.sh",
				"${PODS_ROOT}/MJRefresh/MJRefresh/MJRefresh.bundle",
				"${PODS_ROOT}/SVProgressHUD/SVProgressHUD/SVProgressHUD.bundle",
			);
			name = "[CP] Copy Pods Resources";
			outputPaths = (
				"${TARGET_BUILD_DIR}/${UNLOCALIZED_RESOURCES_FOLDER_PATH}",
			);
			runOnlyForDeploymentPostprocessing = 0;
			shellPath = /bin/sh;
			shellScript = "\"${SRCROOT}/Pods/Target Support Files/Pods-BaseProject/Pods-BaseProject-resources.sh\"\n";
			showEnvVarsInLog = 0;
		};
		9FBE32B0B4DA7035BF8A800B /* [CP] Embed Pods Frameworks */ = {
			isa = PBXShellScriptBuildPhase;
			buildActionMask = 2147483647;
			files = (
			);
			inputPaths = (
			);
			name = "[CP] Embed Pods Frameworks";
			outputPaths = (
			);
			runOnlyForDeploymentPostprocessing = 0;
			shellPath = /bin/sh;
			shellScript = "\"${SRCROOT}/Pods/Target Support Files/Pods-BaseProject/Pods-BaseProject-frameworks.sh\"\n";
			showEnvVarsInLog = 0;
		};
/* End PBXShellScriptBuildPhase section */

/* Begin PBXSourcesBuildPhase section */
		4B390DF71F05ED5900E84522 /* Sources */ = {
			isa = PBXSourcesBuildPhase;
			buildActionMask = 2147483647;
			files = (
				4B390E4F1F05FBB800E84522 /* BaseViewController.m in Sources */,
				4B479937200318A700DA815A /* UITextView+Extension.m in Sources */,
				4BB40F6A1F306F250028E404 /* BaseCollectionViewController.m in Sources */,
				4B390E3A1F05F59400E84522 /* ClearCacheTool.m in Sources */,
				4B6210D11F62863F003C7EE7 /* BaseModel.m in Sources */,
				4B390E5D1F05FE3900E84522 /* UIView+Extension.m in Sources */,
				4B390E431F05F69A00E84522 /* UserDefaults.m in Sources */,
				4BE3956D1F58142100357883 /* XYTransition.m in Sources */,
				4B390E551F05FC8800E84522 /* SecondViewController.m in Sources */,
				4BD1BB021FD7D85D0060281A /* AutorotateViewController.m in Sources */,
				4B390E5E1F05FE3900E84522 /* UIView+Additions.m in Sources */,
				4B390E2B1F05F2DD00E84522 /* MD5Tool.m in Sources */,
				4B390E371F05F47000E84522 /* CommonTool.m in Sources */,
				4BB40F671F306AC30028E404 /* BaseTableViewController.m in Sources */,
				4B8ACC3F1F2F62960020B0F9 /* LCSegmentedControl.m in Sources */,
				4BD1BB051FD7DA3E0060281A /* BaseNavigationViewController.m in Sources */,
				4B25BF461F4D59FA00B4A2C4 /* CropImage.m in Sources */,
				4B390E491F05FB2600E84522 /* LCProgressHUD.m in Sources */,
				4B390E521F05FC7C00E84522 /* FirstViewController.m in Sources */,
				4B390E341F05F45500E84522 /* TMDResponseSerializer.m in Sources */,
				4B390E461F05F6C100E84522 /* GlobalVariables.m in Sources */,
				4B390E321F05F45500E84522 /* HttpTool.m in Sources */,
				4B5030161F42DE5A004FA2B0 /* UIImage+Extension.m in Sources */,
				4BD1BB081FD7EF480060281A /* BaseTableWithGroupViewController.m in Sources */,
				4B390E221F05F1FF00E84522 /* SVProgressHUD+Extend.m in Sources */,
				4BD1BA011FB2D4BB0060281A /* UIControl+NoRepeat.m in Sources */,
				4BF1F60A1F42E795009C1DC4 /* UIViewController+Extension.m in Sources */,
				4B390E331F05F45500E84522 /* TMDRequestSerializer.m in Sources */,
				4BD1BA0A1FB30FF80060281A /* Reachability.m in Sources */,
				4BB40F6D1F3074130028E404 /* BaseScrollViewController.m in Sources */,
				4B390E3D1F05F62100E84522 /* Notification.m in Sources */,
				4BB40F641F3062F90028E404 /* LocationTool.m in Sources */,
				4B390E581F05FC9200E84522 /* ThirdViewController.m in Sources */,
				4B8ACC3C1F2F60690020B0F9 /* NSString+Emoji.m in Sources */,
				4B390E031F05ED5900E84522 /* AppDelegate.m in Sources */,
				4B390E001F05ED5900E84522 /* main.m in Sources */,
				4B390E4C1F05FB7500E84522 /* TabBarViewController.m in Sources */,
				4B390E1E1F05EE8100E84522 /* UIColor+Extend.m in Sources */,
			);
			runOnlyForDeploymentPostprocessing = 0;
		};
/* End PBXSourcesBuildPhase section */

/* Begin PBXVariantGroup section */
		4B390E0C1F05ED5900E84522 /* LaunchScreen.storyboard */ = {
			isa = PBXVariantGroup;
			children = (
				4B390E0D1F05ED5900E84522 /* Base */,
			);
			name = LaunchScreen.storyboard;
			sourceTree = "<group>";
		};
/* End PBXVariantGroup section */

/* Begin XCBuildConfiguration section */
		4B390E101F05ED5900E84522 /* Debug */ = {
			isa = XCBuildConfiguration;
			buildSettings = {
				ALWAYS_SEARCH_USER_PATHS = NO;
				CLANG_ANALYZER_NONNULL = YES;
				CLANG_ANALYZER_NUMBER_OBJECT_CONVERSION = YES_AGGRESSIVE;
				CLANG_CXX_LANGUAGE_STANDARD = "gnu++0x";
				CLANG_CXX_LIBRARY = "libc++";
				CLANG_ENABLE_MODULES = YES;
				CLANG_ENABLE_OBJC_ARC = YES;
				CLANG_WARN_BOOL_CONVERSION = YES;
				CLANG_WARN_CONSTANT_CONVERSION = YES;
				CLANG_WARN_DIRECT_OBJC_ISA_USAGE = YES_ERROR;
				CLANG_WARN_DOCUMENTATION_COMMENTS = YES;
				CLANG_WARN_EMPTY_BODY = YES;
				CLANG_WARN_ENUM_CONVERSION = YES;
				CLANG_WARN_INFINITE_RECURSION = YES;
				CLANG_WARN_INT_CONVERSION = YES;
				CLANG_WARN_OBJC_ROOT_CLASS = YES_ERROR;
				CLANG_WARN_SUSPICIOUS_MOVE = YES;
				CLANG_WARN_UNREACHABLE_CODE = YES;
				CLANG_WARN__DUPLICATE_METHOD_MATCH = YES;
				"CODE_SIGN_IDENTITY[sdk=iphoneos*]" = "iPhone Developer";
				COPY_PHASE_STRIP = NO;
				DEBUG_INFORMATION_FORMAT = dwarf;
				ENABLE_STRICT_OBJC_MSGSEND = YES;
				ENABLE_TESTABILITY = YES;
				GCC_C_LANGUAGE_STANDARD = gnu99;
				GCC_DYNAMIC_NO_PIC = NO;
				GCC_NO_COMMON_BLOCKS = YES;
				GCC_OPTIMIZATION_LEVEL = 0;
				GCC_PREPROCESSOR_DEFINITIONS = (
					"DEBUG=1",
					"$(inherited)",
				);
				GCC_WARN_64_TO_32_BIT_CONVERSION = YES;
				GCC_WARN_ABOUT_RETURN_TYPE = YES_ERROR;
				GCC_WARN_UNDECLARED_SELECTOR = YES;
				GCC_WARN_UNINITIALIZED_AUTOS = YES_AGGRESSIVE;
				GCC_WARN_UNUSED_FUNCTION = YES;
				GCC_WARN_UNUSED_VARIABLE = YES;
				IPHONEOS_DEPLOYMENT_TARGET = 10.3;
				MTL_ENABLE_DEBUG_INFO = YES;
				ONLY_ACTIVE_ARCH = YES;
				SDKROOT = iphoneos;
			};
			name = Debug;
		};
		4B390E111F05ED5900E84522 /* Release */ = {
			isa = XCBuildConfiguration;
			buildSettings = {
				ALWAYS_SEARCH_USER_PATHS = NO;
				CLANG_ANALYZER_NONNULL = YES;
				CLANG_ANALYZER_NUMBER_OBJECT_CONVERSION = YES_AGGRESSIVE;
				CLANG_CXX_LANGUAGE_STANDARD = "gnu++0x";
				CLANG_CXX_LIBRARY = "libc++";
				CLANG_ENABLE_MODULES = YES;
				CLANG_ENABLE_OBJC_ARC = YES;
				CLANG_WARN_BOOL_CONVERSION = YES;
				CLANG_WARN_CONSTANT_CONVERSION = YES;
				CLANG_WARN_DIRECT_OBJC_ISA_USAGE = YES_ERROR;
				CLANG_WARN_DOCUMENTATION_COMMENTS = YES;
				CLANG_WARN_EMPTY_BODY = YES;
				CLANG_WARN_ENUM_CONVERSION = YES;
				CLANG_WARN_INFINITE_RECURSION = YES;
				CLANG_WARN_INT_CONVERSION = YES;
				CLANG_WARN_OBJC_ROOT_CLASS = YES_ERROR;
				CLANG_WARN_SUSPICIOUS_MOVE = YES;
				CLANG_WARN_UNREACHABLE_CODE = YES;
				CLANG_WARN__DUPLICATE_METHOD_MATCH = YES;
				"CODE_SIGN_IDENTITY[sdk=iphoneos*]" = "iPhone Developer";
				COPY_PHASE_STRIP = NO;
				DEBUG_INFORMATION_FORMAT = "dwarf-with-dsym";
				ENABLE_NS_ASSERTIONS = NO;
				ENABLE_STRICT_OBJC_MSGSEND = YES;
				GCC_C_LANGUAGE_STANDARD = gnu99;
				GCC_NO_COMMON_BLOCKS = YES;
				GCC_WARN_64_TO_32_BIT_CONVERSION = YES;
				GCC_WARN_ABOUT_RETURN_TYPE = YES_ERROR;
				GCC_WARN_UNDECLARED_SELECTOR = YES;
				GCC_WARN_UNINITIALIZED_AUTOS = YES_AGGRESSIVE;
				GCC_WARN_UNUSED_FUNCTION = YES;
				GCC_WARN_UNUSED_VARIABLE = YES;
				IPHONEOS_DEPLOYMENT_TARGET = 10.3;
				MTL_ENABLE_DEBUG_INFO = NO;
				SDKROOT = iphoneos;
				VALIDATE_PRODUCT = YES;
			};
			name = Release;
		};
		4B390E131F05ED5900E84522 /* Debug */ = {
			isa = XCBuildConfiguration;
			baseConfigurationReference = A9F0DB2D046F17D6D6525298 /* Pods-BaseProject.debug.xcconfig */;
			buildSettings = {
				ASSETCATALOG_COMPILER_APPICON_NAME = AppIcon;
				DEVELOPMENT_TEAM = FBCB5X99HB;
				GCC_PRECOMPILE_PREFIX_HEADER = YES;
				GCC_PREFIX_HEADER = "$(SRCROOT)/BaseProject/PrefixHeader.pch";
				INFOPLIST_FILE = BaseProject/Info.plist;
				LD_RUNPATH_SEARCH_PATHS = "$(inherited) @executable_path/Frameworks";
				LIBRARY_SEARCH_PATHS = (
					"$(inherited)",
					"$(PROJECT_DIR)/BaseProject/Third/TalkingData",
				);
				PRODUCT_BUNDLE_IDENTIFIER = com.lengchao.BaseProject;
				PRODUCT_NAME = "$(TARGET_NAME)";
			};
			name = Debug;
		};
		4B390E141F05ED5900E84522 /* Release */ = {
			isa = XCBuildConfiguration;
			baseConfigurationReference = 5C13090DFCE1BF20BDF89CD7 /* Pods-BaseProject.release.xcconfig */;
			buildSettings = {
				ASSETCATALOG_COMPILER_APPICON_NAME = AppIcon;
				DEVELOPMENT_TEAM = FBCB5X99HB;
				GCC_PRECOMPILE_PREFIX_HEADER = YES;
				GCC_PREFIX_HEADER = "$(SRCROOT)/BaseProject/PrefixHeader.pch";
				INFOPLIST_FILE = BaseProject/Info.plist;
				LD_RUNPATH_SEARCH_PATHS = "$(inherited) @executable_path/Frameworks";
				LIBRARY_SEARCH_PATHS = (
					"$(inherited)",
					"$(PROJECT_DIR)/BaseProject/Third/TalkingData",
				);
				PRODUCT_BUNDLE_IDENTIFIER = com.lengchao.BaseProject;
				PRODUCT_NAME = "$(TARGET_NAME)";
			};
			name = Release;
		};
/* End XCBuildConfiguration section */

/* Begin XCConfigurationList section */
		4B390DF61F05ED5900E84522 /* Build configuration list for PBXProject "BaseProject" */ = {
			isa = XCConfigurationList;
			buildConfigurations = (
				4B390E101F05ED5900E84522 /* Debug */,
				4B390E111F05ED5900E84522 /* Release */,
			);
			defaultConfigurationIsVisible = 0;
			defaultConfigurationName = Release;
		};
		4B390E121F05ED5900E84522 /* Build configuration list for PBXNativeTarget "BaseProject" */ = {
			isa = XCConfigurationList;
			buildConfigurations = (
				4B390E131F05ED5900E84522 /* Debug */,
				4B390E141F05ED5900E84522 /* Release */,
			);
			defaultConfigurationIsVisible = 0;
			defaultConfigurationName = Release;
		};
/* End XCConfigurationList section */
	};
	rootObject = 4B390DF31F05ED5900E84522 /* Project object */;
}
